
Microsoft Visual Studio Solution File, Format Version 12.00
# Visual Studio Version 16
VisualStudioVersion = 16.0.30611.23
MinimumVisualStudioVersion = 10.0.40219.1
Project("{FAE04EC0-301F-11D3-BF4B-00C04F79EFBC}") = "Desafio", "Desafio\Desafio.csproj", "{64B3D8C3-5575-4EA2-A634-D29747384A7A}"
EndProject
Global
	GlobalSection(SolutionConfigurationPlatforms) = preSolution
		Debug|Any CPU = Debug|Any CPU
		Release|Any CPU = Release|Any CPU
	EndGlobalSection
	GlobalSection(ProjectConfigurationPlatforms) = postSolution
		{64B3D8C3-5575-4EA2-A634-D29747384A7A}.Debug|Any CPU.ActiveCfg = Debug|Any CPU
		{64B3D8C3-5575-4EA2-A634-D29747384A7A}.Debug|Any CPU.Build.0 = Debug|Any CPU
		{64B3D8C3-5575-4EA2-A634-D29747384A7A}.Release|Any CPU.ActiveCfg = Release|Any CPU
		{64B3D8C3-5575-4EA2-A634-D29747384A7A}.Release|Any CPU.Build.0 = Release|Any CPU
	EndGlobalSection
	GlobalSection(SolutionProperties) = preSolution
		HideSolutionNode = FALSE
	EndGlobalSection
	GlobalSection(ExtensibilityGlobals) = postSolution
		SolutionGuid = {8A649B2D-22B9-4056-8995-2EB9A84BE957}
	EndGlobalSection
EndGlobal
