
Microsoft Visual Studio Solution File, Format Version 12.00
# Visual Studio Version 16
VisualStudioVersion = 16.0.30611.23
MinimumVisualStudioVersion = 10.0.40219.1
Project("{FAE04EC0-301F-11D3-BF4B-00C04F79EFBC}") = "Desafio", "Desafio\Desafio.csproj", "{165E8376-0E22-4130-882A-9AE00C4E5DED}"
EndProject
Global
	GlobalSection(SolutionConfigurationPlatforms) = preSolution
		Debug|Any CPU = Debug|Any CPU
		Release|Any CPU = Release|Any CPU
	EndGlobalSection
	GlobalSection(ProjectConfigurationPlatforms) = postSolution
		{165E8376-0E22-4130-882A-9AE00C4E5DED}.Debug|Any CPU.ActiveCfg = Debug|Any CPU
		{165E8376-0E22-4130-882A-9AE00C4E5DED}.Debug|Any CPU.Build.0 = Debug|Any CPU
		{165E8376-0E22-4130-882A-9AE00C4E5DED}.Release|Any CPU.ActiveCfg = Release|Any CPU
		{165E8376-0E22-4130-882A-9AE00C4E5DED}.Release|Any CPU.Build.0 = Release|Any CPU
	EndGlobalSection
	GlobalSection(SolutionProperties) = preSolution
		HideSolutionNode = FALSE
	EndGlobalSection
	GlobalSection(ExtensibilityGlobals) = postSolution
		SolutionGuid = {1CAA6F7A-E362-4F5D-BEF1-FD5FD24FB6AD}
	EndGlobalSection
EndGlobal
