
Microsoft Visual Studio Solution File, Format Version 12.00
# Visual Studio Version 16
VisualStudioVersion = 16.0.30611.23
MinimumVisualStudioVersion = 10.0.40219.1
Project("{FAE04EC0-301F-11D3-BF4B-00C04F79EFBC}") = "Exercicio_Foreach_3", "Exercicio_Foreach_3\Exercicio_Foreach_3.csproj", "{66621EE2-44A7-42FE-A06C-978FD3E93A5B}"
EndProject
Global
	GlobalSection(SolutionConfigurationPlatforms) = preSolution
		Debug|Any CPU = Debug|Any CPU
		Release|Any CPU = Release|Any CPU
	EndGlobalSection
	GlobalSection(ProjectConfigurationPlatforms) = postSolution
		{66621EE2-44A7-42FE-A06C-978FD3E93A5B}.Debug|Any CPU.ActiveCfg = Debug|Any CPU
		{66621EE2-44A7-42FE-A06C-978FD3E93A5B}.Debug|Any CPU.Build.0 = Debug|Any CPU
		{66621EE2-44A7-42FE-A06C-978FD3E93A5B}.Release|Any CPU.ActiveCfg = Release|Any CPU
		{66621EE2-44A7-42FE-A06C-978FD3E93A5B}.Release|Any CPU.Build.0 = Release|Any CPU
	EndGlobalSection
	GlobalSection(SolutionProperties) = preSolution
		HideSolutionNode = FALSE
	EndGlobalSection
	GlobalSection(ExtensibilityGlobals) = postSolution
		SolutionGuid = {B91A0CB1-5574-4C0F-9EB6-F1BC50D6465E}
	EndGlobalSection
EndGlobal
