
Microsoft Visual Studio Solution File, Format Version 12.00
# Visual Studio Version 16
VisualStudioVersion = 16.0.30611.23
MinimumVisualStudioVersion = 10.0.40219.1
Project("{FAE04EC0-301F-11D3-BF4B-00C04F79EFBC}") = "Exercicio_Interpolacao_Caracteres", "Exercicio_Interpolacao_Caracteres\Exercicio_Interpolacao_Caracteres.csproj", "{46E521B2-4A2B-4967-A221-1CA5B687780C}"
EndProject
Global
	GlobalSection(SolutionConfigurationPlatforms) = preSolution
		Debug|Any CPU = Debug|Any CPU
		Release|Any CPU = Release|Any CPU
	EndGlobalSection
	GlobalSection(ProjectConfigurationPlatforms) = postSolution
		{46E521B2-4A2B-4967-A221-1CA5B687780C}.Debug|Any CPU.ActiveCfg = Debug|Any CPU
		{46E521B2-4A2B-4967-A221-1CA5B687780C}.Debug|Any CPU.Build.0 = Debug|Any CPU
		{46E521B2-4A2B-4967-A221-1CA5B687780C}.Release|Any CPU.ActiveCfg = Release|Any CPU
		{46E521B2-4A2B-4967-A221-1CA5B687780C}.Release|Any CPU.Build.0 = Release|Any CPU
	EndGlobalSection
	GlobalSection(SolutionProperties) = preSolution
		HideSolutionNode = FALSE
	EndGlobalSection
	GlobalSection(ExtensibilityGlobals) = postSolution
		SolutionGuid = {FB3617B6-A75E-4C60-AEA2-FFE70A9A01D1}
	EndGlobalSection
EndGlobal
