
Microsoft Visual Studio Solution File, Format Version 12.00
# Visual Studio Version 16
VisualStudioVersion = 16.0.30611.23
MinimumVisualStudioVersion = 10.0.40219.1
Project("{FAE04EC0-301F-11D3-BF4B-00C04F79EFBC}") = "Exercicio_Operadores", "Exercicio_Operadores\Exercicio_Operadores.csproj", "{C562F80A-51CD-4D1C-B8CA-82675EE66E29}"
EndProject
Global
	GlobalSection(SolutionConfigurationPlatforms) = preSolution
		Debug|Any CPU = Debug|Any CPU
		Release|Any CPU = Release|Any CPU
	EndGlobalSection
	GlobalSection(ProjectConfigurationPlatforms) = postSolution
		{C562F80A-51CD-4D1C-B8CA-82675EE66E29}.Debug|Any CPU.ActiveCfg = Debug|Any CPU
		{C562F80A-51CD-4D1C-B8CA-82675EE66E29}.Debug|Any CPU.Build.0 = Debug|Any CPU
		{C562F80A-51CD-4D1C-B8CA-82675EE66E29}.Release|Any CPU.ActiveCfg = Release|Any CPU
		{C562F80A-51CD-4D1C-B8CA-82675EE66E29}.Release|Any CPU.Build.0 = Release|Any CPU
	EndGlobalSection
	GlobalSection(SolutionProperties) = preSolution
		HideSolutionNode = FALSE
	EndGlobalSection
	GlobalSection(ExtensibilityGlobals) = postSolution
		SolutionGuid = {28372E6D-F9EB-4B16-A23E-5A47080AE4EE}
	EndGlobalSection
EndGlobal
