
Microsoft Visual Studio Solution File, Format Version 12.00
# Visual Studio Version 16
VisualStudioVersion = 16.0.30611.23
MinimumVisualStudioVersion = 10.0.40219.1
Project("{FAE04EC0-301F-11D3-BF4B-00C04F79EFBC}") = "Instrucao_IF", "Instrucao_IF\Instrucao_IF.csproj", "{B53A352B-D559-4FE5-960A-2F727F95113A}"
EndProject
Global
	GlobalSection(SolutionConfigurationPlatforms) = preSolution
		Debug|Any CPU = Debug|Any CPU
		Release|Any CPU = Release|Any CPU
	EndGlobalSection
	GlobalSection(ProjectConfigurationPlatforms) = postSolution
		{B53A352B-D559-4FE5-960A-2F727F95113A}.Debug|Any CPU.ActiveCfg = Debug|Any CPU
		{B53A352B-D559-4FE5-960A-2F727F95113A}.Debug|Any CPU.Build.0 = Debug|Any CPU
		{B53A352B-D559-4FE5-960A-2F727F95113A}.Release|Any CPU.ActiveCfg = Release|Any CPU
		{B53A352B-D559-4FE5-960A-2F727F95113A}.Release|Any CPU.Build.0 = Release|Any CPU
	EndGlobalSection
	GlobalSection(SolutionProperties) = preSolution
		HideSolutionNode = FALSE
	EndGlobalSection
	GlobalSection(ExtensibilityGlobals) = postSolution
		SolutionGuid = {4D20BC67-A8C5-43CF-B663-CE89218DE93D}
	EndGlobalSection
EndGlobal
